
Microsoft Visual Studio Solution File, Format Version 12.00
# Visual Studio 15
VisualStudioVersion = 15.0.28010.2016
MinimumVisualStudioVersion = 10.0.40219.1
Project("{FAE04EC0-301F-11D3-BF4B-00C04F79EFBC}") = "projLivrosLista", "projLivrosLista\projLivrosLista.csproj", "{18C24B1E-7DB4-4F2D-8ABA-CF6D1E4E581F}"
EndProject
Global
	GlobalSection(SolutionConfigurationPlatforms) = preSolution
		Debug|Any CPU = Debug|Any CPU
		Release|Any CPU = Release|Any CPU
	EndGlobalSection
	GlobalSection(ProjectConfigurationPlatforms) = postSolution
		{18C24B1E-7DB4-4F2D-8ABA-CF6D1E4E581F}.Debug|Any CPU.ActiveCfg = Debug|Any CPU
		{18C24B1E-7DB4-4F2D-8ABA-CF6D1E4E581F}.Debug|Any CPU.Build.0 = Debug|Any CPU
		{18C24B1E-7DB4-4F2D-8ABA-CF6D1E4E581F}.Release|Any CPU.ActiveCfg = Release|Any CPU
		{18C24B1E-7DB4-4F2D-8ABA-CF6D1E4E581F}.Release|Any CPU.Build.0 = Release|Any CPU
	EndGlobalSection
	GlobalSection(SolutionProperties) = preSolution
		HideSolutionNode = FALSE
	EndGlobalSection
	GlobalSection(ExtensibilityGlobals) = postSolution
		SolutionGuid = {AF65F946-475E-4897-9D4C-BF0834BABDBE}
	EndGlobalSection
EndGlobal
